// !$*UTF8*$!
{
	archiveVersion = 1;
	classes = {
	};
	objectVersion = 48;
	objects = {

/* Begin PBXBuildFile section */
		351E37E82016150E008D157C /* GLKit.framework in Frameworks */ = {isa = PBXBuildFile; fileRef = 351E37E72016150E008D157C /* GLKit.framework */; };
		351E37EA20161534008D157C /* CFNetwork.framework in Frameworks */ = {isa = PBXBuildFile; fileRef = 351E37E920161534008D157C /* CFNetwork.framework */; };
		351E37EC20161545008D157C /* libz.1.2.5.tbd in Frameworks */ = {isa = PBXBuildFile; fileRef = 351E37EB20161545008D157C /* libz.1.2.5.tbd */; };
		351E37F02016249A008D157C /* libBaiduSpeechSDK.a in Frameworks */ = {isa = PBXBuildFile; fileRef = 351E37EF2016248C008D157C /* libBaiduSpeechSDK.a */; };
		351E37F3201625FA008D157C /* ZXResultTableVC.m in Sources */ = {isa = PBXBuildFile; fileRef = 351E37F2201625FA008D157C /* ZXResultTableVC.m */; };
		3525022C201C2902004E898C /* libsqlite3.0.tbd in Frameworks */ = {isa = PBXBuildFile; fileRef = 3525022B201C2901004E898C /* libsqlite3.0.tbd */; };
		35250244201C586D004E898C /* BDVRSettings.m in Sources */ = {isa = PBXBuildFile; fileRef = 35250236201C4E49004E898C /* BDVRSettings.m */; };
		35250245201C5872004E898C /* BDVRSettingsItem.m in Sources */ = {isa = PBXBuildFile; fileRef = 35250238201C4EA1004E898C /* BDVRSettingsItem.m */; };
		35250251201C5B40004E898C /* bds_easr_basic_model.dat in Resources */ = {isa = PBXBuildFile; fileRef = 35250247201C5B34004E898C /* bds_easr_basic_model.dat */; };
		35250252201C5B40004E898C /* bds_easr_dnn_wakeup_model.dat in Resources */ = {isa = PBXBuildFile; fileRef = 35250248201C5B34004E898C /* bds_easr_dnn_wakeup_model.dat */; };
		35250253201C5B40004E898C /* bds_easr_gramm.dat in Resources */ = {isa = PBXBuildFile; fileRef = 35250249201C5B34004E898C /* bds_easr_gramm.dat */; };
		35250254201C5B40004E898C /* bds_easr_input_model.dat in Resources */ = {isa = PBXBuildFile; fileRef = 3525024A201C5B34004E898C /* bds_easr_input_model.dat */; };
		35250255201C5B40004E898C /* bds_easr_mfe_cmvn.dat in Resources */ = {isa = PBXBuildFile; fileRef = 3525024B201C5B34004E898C /* bds_easr_mfe_cmvn.dat */; };
		35250256201C5B40004E898C /* bds_easr_mfe_dnn.dat in Resources */ = {isa = PBXBuildFile; fileRef = 3525024C201C5B34004E898C /* bds_easr_mfe_dnn.dat */; };
		35250257201C5B40004E898C /* bds_easr_wakeup_words.dat in Resources */ = {isa = PBXBuildFile; fileRef = 3525024D201C5B34004E898C /* bds_easr_wakeup_words.dat */; };
		35250258201C5B40004E898C /* bds_license.dat in Resources */ = {isa = PBXBuildFile; fileRef = 3525024E201C5B34004E898C /* bds_license.dat */; };
		35250259201C5B40004E898C /* vad.dnn_o.dat in Resources */ = {isa = PBXBuildFile; fileRef = 3525024F201C5B34004E898C /* vad.dnn_o.dat */; };
		3525025A201C5B40004E898C /* vad_dnn_online.dat in Resources */ = {isa = PBXBuildFile; fileRef = 35250250201C5B34004E898C /* vad_dnn_online.dat */; };
		359E7D4C1FF792AB0083C042 /* CoreGraphics.framework in Frameworks */ = {isa = PBXBuildFile; fileRef = 359E7D4B1FF792AB0083C042 /* CoreGraphics.framework */; };
		359E7D4E1FF792B00083C042 /* Foundation.framework in Frameworks */ = {isa = PBXBuildFile; fileRef = 359E7D4D1FF792B00083C042 /* Foundation.framework */; };
		359E7D501FF792B50083C042 /* UIKit.framework in Frameworks */ = {isa = PBXBuildFile; fileRef = 359E7D4F1FF792B50083C042 /* UIKit.framework */; };
		359E7D521FF792BD0083C042 /* QuartzCore.framework in Frameworks */ = {isa = PBXBuildFile; fileRef = 359E7D511FF792BD0083C042 /* QuartzCore.framework */; };
		359E7D541FF792C30083C042 /* SystemConfiguration.framework in Frameworks */ = {isa = PBXBuildFile; fileRef = 359E7D531FF792C30083C042 /* SystemConfiguration.framework */; };
		359E7D561FF792CD0083C042 /* AudioToolbox.framework in Frameworks */ = {isa = PBXBuildFile; fileRef = 359E7D551FF792CD0083C042 /* AudioToolbox.framework */; };
		359E7D581FF792D40083C042 /* Contacts.framework in Frameworks */ = {isa = PBXBuildFile; fileRef = 359E7D571FF792D40083C042 /* Contacts.framework */; };
		359E7D5A1FF792E00083C042 /* AddressBook.framework in Frameworks */ = {isa = PBXBuildFile; fileRef = 359E7D591FF792DF0083C042 /* AddressBook.framework */; };
		359E7D5C1FF792E40083C042 /* AVFoundation.framework in Frameworks */ = {isa = PBXBuildFile; fileRef = 359E7D5B1FF792E40083C042 /* AVFoundation.framework */; };
		359E7D5E1FF792E90083C042 /* CoreTelephony.framework in Frameworks */ = {isa = PBXBuildFile; fileRef = 359E7D5D1FF792E90083C042 /* CoreTelephony.framework */; };
		359E7D601FF792EF0083C042 /* CoreLocation.framework in Frameworks */ = {isa = PBXBuildFile; fileRef = 359E7D5F1FF792EE0083C042 /* CoreLocation.framework */; };
		359E7D641FF7935D0083C042 /* libc++.tbd in Frameworks */ = {isa = PBXBuildFile; fileRef = 359E7D631FF7935C0083C042 /* libc++.tbd */; };
		359E7D681FF795190083C042 /* iflyMSC.framework in Frameworks */ = {isa = PBXBuildFile; fileRef = 359E7D491FF792650083C042 /* iflyMSC.framework */; };
		35BB170F20503F93004C0873 /* ZXStockVC.m in Sources */ = {isa = PBXBuildFile; fileRef = 35BB170E20503F93004C0873 /* ZXStockVC.m */; };
		35C04A6A1FF743BC00AB4510 /* AppDelegate.m in Sources */ = {isa = PBXBuildFile; fileRef = 35C04A691FF743BC00AB4510 /* AppDelegate.m */; };
		35C04A6D1FF743BC00AB4510 /* ViewController.m in Sources */ = {isa = PBXBuildFile; fileRef = 35C04A6C1FF743BC00AB4510 /* ViewController.m */; };
		35C04A701FF743BC00AB4510 /* Main.storyboard in Resources */ = {isa = PBXBuildFile; fileRef = 35C04A6E1FF743BC00AB4510 /* Main.storyboard */; };
		35C04A721FF743BC00AB4510 /* Assets.xcassets in Resources */ = {isa = PBXBuildFile; fileRef = 35C04A711FF743BC00AB4510 /* Assets.xcassets */; };
		35C04A751FF743BC00AB4510 /* LaunchScreen.storyboard in Resources */ = {isa = PBXBuildFile; fileRef = 35C04A731FF743BC00AB4510 /* LaunchScreen.storyboard */; };
		35C04A781FF743BC00AB4510 /* main.m in Sources */ = {isa = PBXBuildFile; fileRef = 35C04A771FF743BC00AB4510 /* main.m */; };
		35C04A821FF743BC00AB4510 /* AIDesignTests.m in Sources */ = {isa = PBXBuildFile; fileRef = 35C04A811FF743BC00AB4510 /* AIDesignTests.m */; };
		35C04A8D1FF743BC00AB4510 /* AIDesignUITests.m in Sources */ = {isa = PBXBuildFile; fileRef = 35C04A8C1FF743BC00AB4510 /* AIDesignUITests.m */; };
		35CE7FD0200AEDE600C13235 /* ZXOrderVC.m in Sources */ = {isa = PBXBuildFile; fileRef = 35CE7FCF200AEDE600C13235 /* ZXOrderVC.m */; };
		35CE7FD9200B00B200C13235 /* ZXGoodsCell01.m in Sources */ = {isa = PBXBuildFile; fileRef = 35CE7FD7200B00B200C13235 /* ZXGoodsCell01.m */; };
		35CE7FDA200B00B200C13235 /* ZXGoodsCell01.xib in Resources */ = {isa = PBXBuildFile; fileRef = 35CE7FD8200B00B200C13235 /* ZXGoodsCell01.xib */; };
		35CE7FDB200B229100C13235 /* ZXOrderVC.m in Sources */ = {isa = PBXBuildFile; fileRef = 35CE7FCF200AEDE600C13235 /* ZXOrderVC.m */; };
		35E2D9D620130F320028B504 /* Service.json in Resources */ = {isa = PBXBuildFile; fileRef = 35E2D9D520130C590028B504 /* Service.json */; };
		35E2D9DB201322590028B504 /* ZXMenuCell.m in Sources */ = {isa = PBXBuildFile; fileRef = 35E2D9D9201322590028B504 /* ZXMenuCell.m */; };
		35E2D9DC201322590028B504 /* ZXMenuCell.xib in Resources */ = {isa = PBXBuildFile; fileRef = 35E2D9DA201322590028B504 /* ZXMenuCell.xib */; };
/* End PBXBuildFile section */

/* Begin PBXContainerItemProxy section */
		35C04A7E1FF743BC00AB4510 /* PBXContainerItemProxy */ = {
			isa = PBXContainerItemProxy;
			containerPortal = 35C04A5D1FF743BC00AB4510 /* Project object */;
			proxyType = 1;
			remoteGlobalIDString = 35C04A641FF743BC00AB4510;
			remoteInfo = AIDesign;
		};
		35C04A891FF743BC00AB4510 /* PBXContainerItemProxy */ = {
			isa = PBXContainerItemProxy;
			containerPortal = 35C04A5D1FF743BC00AB4510 /* Project object */;
			proxyType = 1;
			remoteGlobalIDString = 35C04A641FF743BC00AB4510;
			remoteInfo = AIDesign;
		};
/* End PBXContainerItemProxy section */

/* Begin PBXFileReference section */
		351E37E72016150E008D157C /* GLKit.framework */ = {isa = PBXFileReference; lastKnownFileType = wrapper.framework; name = GLKit.framework; path = System/Library/Frameworks/GLKit.framework; sourceTree = SDKROOT; };
		351E37E920161534008D157C /* CFNetwork.framework */ = {isa = PBXFileReference; lastKnownFileType = wrapper.framework; name = CFNetwork.framework; path = System/Library/Frameworks/CFNetwork.framework; sourceTree = SDKROOT; };
		351E37EB20161545008D157C /* libz.1.2.5.tbd */ = {isa = PBXFileReference; lastKnownFileType = "sourcecode.text-based-dylib-definition"; name = libz.1.2.5.tbd; path = usr/lib/libz.1.2.5.tbd; sourceTree = SDKROOT; };
		351E37EE2016248C008D157C /* .gitignore */ = {isa = PBXFileReference; lastKnownFileType = text; path = .gitignore; sourceTree = "<group>"; };
		351E37EF2016248C008D157C /* libBaiduSpeechSDK.a */ = {isa = PBXFileReference; lastKnownFileType = archive.ar; path = libBaiduSpeechSDK.a; sourceTree = "<group>"; };
		351E37F1201625FA008D157C /* ZXResultTableVC.h */ = {isa = PBXFileReference; lastKnownFileType = sourcecode.c.h; path = ZXResultTableVC.h; sourceTree = "<group>"; };
		351E37F2201625FA008D157C /* ZXResultTableVC.m */ = {isa = PBXFileReference; lastKnownFileType = sourcecode.c.objc; path = ZXResultTableVC.m; sourceTree = "<group>"; };
		35250216201B8752004E898C /* .gitIgnore */ = {isa = PBXFileReference; lastKnownFileType = text; path = .gitIgnore; sourceTree = "<group>"; };
		35250217201B8752004E898C /* BDSASRDefines.h */ = {isa = PBXFileReference; lastKnownFileType = sourcecode.c.h; path = BDSASRDefines.h; sourceTree = "<group>"; };
		35250218201B8752004E898C /* BDSASRParameters.h */ = {isa = PBXFileReference; lastKnownFileType = sourcecode.c.h; path = BDSASRParameters.h; sourceTree = "<group>"; };
		35250219201B8752004E898C /* BDSEventManager.h */ = {isa = PBXFileReference; lastKnownFileType = sourcecode.c.h; path = BDSEventManager.h; sourceTree = "<group>"; };
		3525021A201B8752004E898C /* BDSUploaderDefines.h */ = {isa = PBXFileReference; lastKnownFileType = sourcecode.c.h; path = BDSUploaderDefines.h; sourceTree = "<group>"; };
		3525021B201B8752004E898C /* BDSUploaderParameters.h */ = {isa = PBXFileReference; lastKnownFileType = sourcecode.c.h; path = BDSUploaderParameters.h; sourceTree = "<group>"; };
		3525021C201B8752004E898C /* BDSWakeupDefines.h */ = {isa = PBXFileReference; lastKnownFileType = sourcecode.c.h; path = BDSWakeupDefines.h; sourceTree = "<group>"; };
		3525021D201B8752004E898C /* BDSWakeupParameters.h */ = {isa = PBXFileReference; lastKnownFileType = sourcecode.c.h; path = BDSWakeupParameters.h; sourceTree = "<group>"; };
		3525021F201B8752004E898C /* BDRecognizerViewController.h */ = {isa = PBXFileReference; lastKnownFileType = sourcecode.c.h; path = BDRecognizerViewController.h; sourceTree = "<group>"; };
		35250220201B8752004E898C /* BDRecognizerViewDelegate.h */ = {isa = PBXFileReference; lastKnownFileType = sourcecode.c.h; path = BDRecognizerViewDelegate.h; sourceTree = "<group>"; };
		35250221201B8752004E898C /* BDRecognizerViewParamsObject.h */ = {isa = PBXFileReference; lastKnownFileType = sourcecode.c.h; path = BDRecognizerViewParamsObject.h; sourceTree = "<group>"; };
		35250222201B8752004E898C /* BDTheme.h */ = {isa = PBXFileReference; lastKnownFileType = sourcecode.c.h; path = BDTheme.h; sourceTree = "<group>"; };
		3525022B201C2901004E898C /* libsqlite3.0.tbd */ = {isa = PBXFileReference; lastKnownFileType = "sourcecode.text-based-dylib-definition"; name = libsqlite3.0.tbd; path = usr/lib/libsqlite3.0.tbd; sourceTree = SDKROOT; };
		3525022D201C29BF004E898C /* OpenGLES.framework */ = {isa = PBXFileReference; lastKnownFileType = wrapper.framework; name = OpenGLES.framework; path = System/Library/Frameworks/OpenGLES.framework; sourceTree = SDKROOT; };
		35250235201C4E49004E898C /* BDVRSettings.h */ = {isa = PBXFileReference; lastKnownFileType = sourcecode.c.h; path = BDVRSettings.h; sourceTree = "<group>"; };
		35250236201C4E49004E898C /* BDVRSettings.m */ = {isa = PBXFileReference; lastKnownFileType = sourcecode.c.objc; path = BDVRSettings.m; sourceTree = "<group>"; };
		35250237201C4EA1004E898C /* BDVRSettingsItem.h */ = {isa = PBXFileReference; lastKnownFileType = sourcecode.c.h; path = BDVRSettingsItem.h; sourceTree = "<group>"; };
		35250238201C4EA1004E898C /* BDVRSettingsItem.m */ = {isa = PBXFileReference; lastKnownFileType = sourcecode.c.objc; path = BDVRSettingsItem.m; sourceTree = "<group>"; };
		3525023A201C504C004E898C /* bds_easr_basic_model.dat */ = {isa = PBXFileReference; lastKnownFileType = file; path = bds_easr_basic_model.dat; sourceTree = "<group>"; };
		3525023B201C504C004E898C /* bds_easr_dnn_wakeup_model.dat */ = {isa = PBXFileReference; lastKnownFileType = file; path = bds_easr_dnn_wakeup_model.dat; sourceTree = "<group>"; };
		3525023C201C504C004E898C /* bds_easr_gramm.dat */ = {isa = PBXFileReference; lastKnownFileType = text; path = bds_easr_gramm.dat; sourceTree = "<group>"; };
		3525023D201C504C004E898C /* bds_easr_input_model.dat */ = {isa = PBXFileReference; lastKnownFileType = file; path = bds_easr_input_model.dat; sourceTree = "<group>"; };
		3525023E201C504C004E898C /* bds_easr_mfe_cmvn.dat */ = {isa = PBXFileReference; lastKnownFileType = text; path = bds_easr_mfe_cmvn.dat; sourceTree = "<group>"; };
		3525023F201C504C004E898C /* bds_easr_mfe_dnn.dat */ = {isa = PBXFileReference; lastKnownFileType = file; path = bds_easr_mfe_dnn.dat; sourceTree = "<group>"; };
		35250240201C504C004E898C /* bds_easr_wakeup_words.dat */ = {isa = PBXFileReference; lastKnownFileType = file; path = bds_easr_wakeup_words.dat; sourceTree = "<group>"; };
		35250241201C504C004E898C /* bds_license.dat */ = {isa = PBXFileReference; lastKnownFileType = text; path = bds_license.dat; sourceTree = "<group>"; };
		35250242201C504C004E898C /* vad.dnn_o.dat */ = {isa = PBXFileReference; lastKnownFileType = file; path = vad.dnn_o.dat; sourceTree = "<group>"; };
		35250243201C504C004E898C /* vad_dnn_online.dat */ = {isa = PBXFileReference; lastKnownFileType = file; path = vad_dnn_online.dat; sourceTree = "<group>"; };
		35250247201C5B34004E898C /* bds_easr_basic_model.dat */ = {isa = PBXFileReference; lastKnownFileType = file; path = bds_easr_basic_model.dat; sourceTree = "<group>"; };
		35250248201C5B34004E898C /* bds_easr_dnn_wakeup_model.dat */ = {isa = PBXFileReference; lastKnownFileType = file; path = bds_easr_dnn_wakeup_model.dat; sourceTree = "<group>"; };
		35250249201C5B34004E898C /* bds_easr_gramm.dat */ = {isa = PBXFileReference; lastKnownFileType = text; path = bds_easr_gramm.dat; sourceTree = "<group>"; };
		3525024A201C5B34004E898C /* bds_easr_input_model.dat */ = {isa = PBXFileReference; lastKnownFileType = file; path = bds_easr_input_model.dat; sourceTree = "<group>"; };
		3525024B201C5B34004E898C /* bds_easr_mfe_cmvn.dat */ = {isa = PBXFileReference; lastKnownFileType = text; path = bds_easr_mfe_cmvn.dat; sourceTree = "<group>"; };
		3525024C201C5B34004E898C /* bds_easr_mfe_dnn.dat */ = {isa = PBXFileReference; lastKnownFileType = file; path = bds_easr_mfe_dnn.dat; sourceTree = "<group>"; };
		3525024D201C5B34004E898C /* bds_easr_wakeup_words.dat */ = {isa = PBXFileReference; lastKnownFileType = file; path = bds_easr_wakeup_words.dat; sourceTree = "<group>"; };
		3525024E201C5B34004E898C /* bds_license.dat */ = {isa = PBXFileReference; lastKnownFileType = text; path = bds_license.dat; sourceTree = "<group>"; };
		3525024F201C5B34004E898C /* vad.dnn_o.dat */ = {isa = PBXFileReference; lastKnownFileType = file; path = vad.dnn_o.dat; sourceTree = "<group>"; };
		35250250201C5B34004E898C /* vad_dnn_online.dat */ = {isa = PBXFileReference; lastKnownFileType = file; path = vad_dnn_online.dat; sourceTree = "<group>"; };
		359E7D491FF792650083C042 /* iflyMSC.framework */ = {isa = PBXFileReference; lastKnownFileType = wrapper.framework; path = iflyMSC.framework; sourceTree = "<group>"; };
		359E7D4B1FF792AB0083C042 /* CoreGraphics.framework */ = {isa = PBXFileReference; lastKnownFileType = wrapper.framework; name = CoreGraphics.framework; path = System/Library/Frameworks/CoreGraphics.framework; sourceTree = SDKROOT; };
		359E7D4D1FF792B00083C042 /* Foundation.framework */ = {isa = PBXFileReference; lastKnownFileType = wrapper.framework; name = Foundation.framework; path = System/Library/Frameworks/Foundation.framework; sourceTree = SDKROOT; };
		359E7D4F1FF792B50083C042 /* UIKit.framework */ = {isa = PBXFileReference; lastKnownFileType = wrapper.framework; name = UIKit.framework; path = System/Library/Frameworks/UIKit.framework; sourceTree = SDKROOT; };
		359E7D511FF792BD0083C042 /* QuartzCore.framework */ = {isa = PBXFileReference; lastKnownFileType = wrapper.framework; name = QuartzCore.framework; path = System/Library/Frameworks/QuartzCore.framework; sourceTree = SDKROOT; };
		359E7D531FF792C30083C042 /* SystemConfiguration.framework */ = {isa = PBXFileReference; lastKnownFileType = wrapper.framework; name = SystemConfiguration.framework; path = System/Library/Frameworks/SystemConfiguration.framework; sourceTree = SDKROOT; };
		359E7D551FF792CD0083C042 /* AudioToolbox.framework */ = {isa = PBXFileReference; lastKnownFileType = wrapper.framework; name = AudioToolbox.framework; path = System/Library/Frameworks/AudioToolbox.framework; sourceTree = SDKROOT; };
		359E7D571FF792D40083C042 /* Contacts.framework */ = {isa = PBXFileReference; lastKnownFileType = wrapper.framework; name = Contacts.framework; path = System/Library/Frameworks/Contacts.framework; sourceTree = SDKROOT; };
		359E7D591FF792DF0083C042 /* AddressBook.framework */ = {isa = PBXFileReference; lastKnownFileType = wrapper.framework; name = AddressBook.framework; path = System/Library/Frameworks/AddressBook.framework; sourceTree = SDKROOT; };
		359E7D5B1FF792E40083C042 /* AVFoundation.framework */ = {isa = PBXFileReference; lastKnownFileType = wrapper.framework; name = AVFoundation.framework; path = System/Library/Frameworks/AVFoundation.framework; sourceTree = SDKROOT; };
		359E7D5D1FF792E90083C042 /* CoreTelephony.framework */ = {isa = PBXFileReference; lastKnownFileType = wrapper.framework; name = CoreTelephony.framework; path = System/Library/Frameworks/CoreTelephony.framework; sourceTree = SDKROOT; };
		359E7D5F1FF792EE0083C042 /* CoreLocation.framework */ = {isa = PBXFileReference; lastKnownFileType = wrapper.framework; name = CoreLocation.framework; path = System/Library/Frameworks/CoreLocation.framework; sourceTree = SDKROOT; };
		359E7D611FF792F80083C042 /* libz.tbd */ = {isa = PBXFileReference; lastKnownFileType = "sourcecode.text-based-dylib-definition"; name = libz.tbd; path = usr/lib/libz.tbd; sourceTree = SDKROOT; };
		359E7D631FF7935C0083C042 /* libc++.tbd */ = {isa = PBXFileReference; lastKnownFileType = "sourcecode.text-based-dylib-definition"; name = "libc++.tbd"; path = "usr/lib/libc++.tbd"; sourceTree = SDKROOT; };
		35BB170D20503F93004C0873 /* ZXStockVC.h */ = {isa = PBXFileReference; lastKnownFileType = sourcecode.c.h; path = ZXStockVC.h; sourceTree = "<group>"; };
		35BB170E20503F93004C0873 /* ZXStockVC.m */ = {isa = PBXFileReference; lastKnownFileType = sourcecode.c.objc; path = ZXStockVC.m; sourceTree = "<group>"; };
		35C04A651FF743BC00AB4510 /* AIDesign.app */ = {isa = PBXFileReference; explicitFileType = wrapper.application; includeInIndex = 0; path = AIDesign.app; sourceTree = BUILT_PRODUCTS_DIR; };
		35C04A681FF743BC00AB4510 /* AppDelegate.h */ = {isa = PBXFileReference; lastKnownFileType = sourcecode.c.h; path = AppDelegate.h; sourceTree = "<group>"; };
		35C04A691FF743BC00AB4510 /* AppDelegate.m */ = {isa = PBXFileReference; lastKnownFileType = sourcecode.c.objc; path = AppDelegate.m; sourceTree = "<group>"; };
		35C04A6B1FF743BC00AB4510 /* ViewController.h */ = {isa = PBXFileReference; lastKnownFileType = sourcecode.c.h; path = ViewController.h; sourceTree = "<group>"; };
		35C04A6C1FF743BC00AB4510 /* ViewController.m */ = {isa = PBXFileReference; lastKnownFileType = sourcecode.c.objc; path = ViewController.m; sourceTree = "<group>"; };
		35C04A6F1FF743BC00AB4510 /* Base */ = {isa = PBXFileReference; lastKnownFileType = file.storyboard; name = Base; path = Base.lproj/Main.storyboard; sourceTree = "<group>"; };
		35C04A711FF743BC00AB4510 /* Assets.xcassets */ = {isa = PBXFileReference; lastKnownFileType = folder.assetcatalog; path = Assets.xcassets; sourceTree = "<group>"; };
		35C04A741FF743BC00AB4510 /* Base */ = {isa = PBXFileReference; lastKnownFileType = file.storyboard; name = Base; path = Base.lproj/LaunchScreen.storyboard; sourceTree = "<group>"; };
		35C04A761FF743BC00AB4510 /* Info.plist */ = {isa = PBXFileReference; lastKnownFileType = text.plist.xml; path = Info.plist; sourceTree = "<group>"; };
		35C04A771FF743BC00AB4510 /* main.m */ = {isa = PBXFileReference; lastKnownFileType = sourcecode.c.objc; path = main.m; sourceTree = "<group>"; };
		35C04A7D1FF743BC00AB4510 /* AIDesignTests.xctest */ = {isa = PBXFileReference; explicitFileType = wrapper.cfbundle; includeInIndex = 0; path = AIDesignTests.xctest; sourceTree = BUILT_PRODUCTS_DIR; };
		35C04A811FF743BC00AB4510 /* AIDesignTests.m */ = {isa = PBXFileReference; lastKnownFileType = sourcecode.c.objc; path = AIDesignTests.m; sourceTree = "<group>"; };
		35C04A831FF743BC00AB4510 /* Info.plist */ = {isa = PBXFileReference; lastKnownFileType = text.plist.xml; path = Info.plist; sourceTree = "<group>"; };
		35C04A881FF743BC00AB4510 /* AIDesignUITests.xctest */ = {isa = PBXFileReference; explicitFileType = wrapper.cfbundle; includeInIndex = 0; path = AIDesignUITests.xctest; sourceTree = BUILT_PRODUCTS_DIR; };
		35C04A8C1FF743BC00AB4510 /* AIDesignUITests.m */ = {isa = PBXFileReference; lastKnownFileType = sourcecode.c.objc; path = AIDesignUITests.m; sourceTree = "<group>"; };
		35C04A8E1FF743BC00AB4510 /* Info.plist */ = {isa = PBXFileReference; lastKnownFileType = text.plist.xml; path = Info.plist; sourceTree = "<group>"; };
		35CE7FCE200AEDE600C13235 /* ZXOrderVC.h */ = {isa = PBXFileReference; lastKnownFileType = sourcecode.c.h; path = ZXOrderVC.h; sourceTree = "<group>"; };
		35CE7FCF200AEDE600C13235 /* ZXOrderVC.m */ = {isa = PBXFileReference; lastKnownFileType = sourcecode.c.objc; path = ZXOrderVC.m; sourceTree = "<group>"; };
		35CE7FD6200B00B200C13235 /* ZXGoodsCell01.h */ = {isa = PBXFileReference; lastKnownFileType = sourcecode.c.h; path = ZXGoodsCell01.h; sourceTree = "<group>"; };
		35CE7FD7200B00B200C13235 /* ZXGoodsCell01.m */ = {isa = PBXFileReference; lastKnownFileType = sourcecode.c.objc; path = ZXGoodsCell01.m; sourceTree = "<group>"; };
		35CE7FD8200B00B200C13235 /* ZXGoodsCell01.xib */ = {isa = PBXFileReference; lastKnownFileType = file.xib; path = ZXGoodsCell01.xib; sourceTree = "<group>"; };
		35E2D9D520130C590028B504 /* Service.json */ = {isa = PBXFileReference; lastKnownFileType = text.json; path = Service.json; sourceTree = "<group>"; };
		35E2D9D8201322590028B504 /* ZXMenuCell.h */ = {isa = PBXFileReference; lastKnownFileType = sourcecode.c.h; path = ZXMenuCell.h; sourceTree = "<group>"; };
		35E2D9D9201322590028B504 /* ZXMenuCell.m */ = {isa = PBXFileReference; lastKnownFileType = sourcecode.c.objc; path = ZXMenuCell.m; sourceTree = "<group>"; };
		35E2D9DA201322590028B504 /* ZXMenuCell.xib */ = {isa = PBXFileReference; lastKnownFileType = file.xib; path = ZXMenuCell.xib; sourceTree = "<group>"; };
/* End PBXFileReference section */

/* Begin PBXFrameworksBuildPhase section */
		35C04A621FF743BC00AB4510 /* Frameworks */ = {
			isa = PBXFrameworksBuildPhase;
			buildActionMask = 2147483647;
			files = (
				3525022C201C2902004E898C /* libsqlite3.0.tbd in Frameworks */,
				351E37F02016249A008D157C /* libBaiduSpeechSDK.a in Frameworks */,
				351E37EC20161545008D157C /* libz.1.2.5.tbd in Frameworks */,
				351E37EA20161534008D157C /* CFNetwork.framework in Frameworks */,
				351E37E82016150E008D157C /* GLKit.framework in Frameworks */,
				359E7D681FF795190083C042 /* iflyMSC.framework in Frameworks */,
				359E7D641FF7935D0083C042 /* libc++.tbd in Frameworks */,
				359E7D601FF792EF0083C042 /* CoreLocation.framework in Frameworks */,
				359E7D5E1FF792E90083C042 /* CoreTelephony.framework in Frameworks */,
				359E7D5C1FF792E40083C042 /* AVFoundation.framework in Frameworks */,
				359E7D5A1FF792E00083C042 /* AddressBook.framework in Frameworks */,
				359E7D581FF792D40083C042 /* Contacts.framework in Frameworks */,
				359E7D561FF792CD0083C042 /* AudioToolbox.framework in Frameworks */,
				359E7D541FF792C30083C042 /* SystemConfiguration.framework in Frameworks */,
				359E7D521FF792BD0083C042 /* QuartzCore.framework in Frameworks */,
				359E7D501FF792B50083C042 /* UIKit.framework in Frameworks */,
				359E7D4E1FF792B00083C042 /* Foundation.framework in Frameworks */,
				359E7D4C1FF792AB0083C042 /* CoreGraphics.framework in Frameworks */,
			);
			runOnlyForDeploymentPostprocessing = 0;
		};
		35C04A7A1FF743BC00AB4510 /* Frameworks */ = {
			isa = PBXFrameworksBuildPhase;
			buildActionMask = 2147483647;
			files = (
			);
			runOnlyForDeploymentPostprocessing = 0;
		};
		35C04A851FF743BC00AB4510 /* Frameworks */ = {
			isa = PBXFrameworksBuildPhase;
			buildActionMask = 2147483647;
			files = (
			);
			runOnlyForDeploymentPostprocessing = 0;
		};
/* End PBXFrameworksBuildPhase section */

/* Begin PBXGroup section */
		351E37ED2016248C008D157C /* BDSClientLib */ = {
			isa = PBXGroup;
			children = (
				351E37EE2016248C008D157C /* .gitignore */,
				351E37EF2016248C008D157C /* libBaiduSpeechSDK.a */,
			);
			path = BDSClientLib;
			sourceTree = "<group>";
		};
		35250214201B8745004E898C /* Common */ = {
			isa = PBXGroup;
			children = (
				35250215201B8752004E898C /* ASR */,
			);
			path = Common;
			sourceTree = "<group>";
		};
		35250215201B8752004E898C /* ASR */ = {
			isa = PBXGroup;
			children = (
				35250216201B8752004E898C /* .gitIgnore */,
				35250217201B8752004E898C /* BDSASRDefines.h */,
				35250218201B8752004E898C /* BDSASRParameters.h */,
				35250219201B8752004E898C /* BDSEventManager.h */,
				3525021A201B8752004E898C /* BDSUploaderDefines.h */,
				3525021B201B8752004E898C /* BDSUploaderParameters.h */,
				3525021C201B8752004E898C /* BDSWakeupDefines.h */,
				3525021D201B8752004E898C /* BDSWakeupParameters.h */,
				3525021E201B8752004E898C /* UIHeaders */,
			);
			path = ASR;
			sourceTree = "<group>";
		};
		3525021E201B8752004E898C /* UIHeaders */ = {
			isa = PBXGroup;
			children = (
				3525021F201B8752004E898C /* BDRecognizerViewController.h */,
				35250220201B8752004E898C /* BDRecognizerViewDelegate.h */,
				35250221201B8752004E898C /* BDRecognizerViewParamsObject.h */,
				35250222201B8752004E898C /* BDTheme.h */,
			);
			path = UIHeaders;
			sourceTree = "<group>";
		};
		3525022F201C4D0E004E898C /* ASR */ = {
			isa = PBXGroup;
			children = (
				35250230201C4D0E004E898C /* Settings */,
			);
			path = ASR;
			sourceTree = "<group>";
		};
		35250230201C4D0E004E898C /* Settings */ = {
			isa = PBXGroup;
			children = (
				35250235201C4E49004E898C /* BDVRSettings.h */,
				35250236201C4E49004E898C /* BDVRSettings.m */,
				35250237201C4EA1004E898C /* BDVRSettingsItem.h */,
				35250238201C4EA1004E898C /* BDVRSettingsItem.m */,
			);
			path = Settings;
			sourceTree = "<group>";
		};
		35250239201C504C004E898C /* BDSClientEASRResources */ = {
			isa = PBXGroup;
			children = (
				3525023A201C504C004E898C /* bds_easr_basic_model.dat */,
				3525023B201C504C004E898C /* bds_easr_dnn_wakeup_model.dat */,
				3525023C201C504C004E898C /* bds_easr_gramm.dat */,
				3525023D201C504C004E898C /* bds_easr_input_model.dat */,
				3525023E201C504C004E898C /* bds_easr_mfe_cmvn.dat */,
				3525023F201C504C004E898C /* bds_easr_mfe_dnn.dat */,
				35250240201C504C004E898C /* bds_easr_wakeup_words.dat */,
				35250241201C504C004E898C /* bds_license.dat */,
				35250242201C504C004E898C /* vad.dnn_o.dat */,
				35250243201C504C004E898C /* vad_dnn_online.dat */,
			);
			path = BDSClientEASRResources;
			sourceTree = "<group>";
		};
		35250246201C5B34004E898C /* BDSClientEASRResources */ = {
			isa = PBXGroup;
			children = (
				35250247201C5B34004E898C /* bds_easr_basic_model.dat */,
				35250248201C5B34004E898C /* bds_easr_dnn_wakeup_model.dat */,
				35250249201C5B34004E898C /* bds_easr_gramm.dat */,
				3525024A201C5B34004E898C /* bds_easr_input_model.dat */,
				3525024B201C5B34004E898C /* bds_easr_mfe_cmvn.dat */,
				3525024C201C5B34004E898C /* bds_easr_mfe_dnn.dat */,
				3525024D201C5B34004E898C /* bds_easr_wakeup_words.dat */,
				3525024E201C5B34004E898C /* bds_license.dat */,
				3525024F201C5B34004E898C /* vad.dnn_o.dat */,
				35250250201C5B34004E898C /* vad_dnn_online.dat */,
			);
			path = BDSClientEASRResources;
			sourceTree = "<group>";
		};
		359E7D481FF792650083C042 /* Frameworks */ = {
			isa = PBXGroup;
			children = (
				3525022D201C29BF004E898C /* OpenGLES.framework */,
				3525022B201C2901004E898C /* libsqlite3.0.tbd */,
				351E37ED2016248C008D157C /* BDSClientLib */,
				351E37EB20161545008D157C /* libz.1.2.5.tbd */,
				351E37E920161534008D157C /* CFNetwork.framework */,
				351E37E72016150E008D157C /* GLKit.framework */,
				359E7D631FF7935C0083C042 /* libc++.tbd */,
				359E7D611FF792F80083C042 /* libz.tbd */,
				359E7D5F1FF792EE0083C042 /* CoreLocation.framework */,
				359E7D5D1FF792E90083C042 /* CoreTelephony.framework */,
				359E7D5B1FF792E40083C042 /* AVFoundation.framework */,
				359E7D591FF792DF0083C042 /* AddressBook.framework */,
				359E7D571FF792D40083C042 /* Contacts.framework */,
				359E7D551FF792CD0083C042 /* AudioToolbox.framework */,
				359E7D531FF792C30083C042 /* SystemConfiguration.framework */,
				359E7D511FF792BD0083C042 /* QuartzCore.framework */,
				359E7D4F1FF792B50083C042 /* UIKit.framework */,
				359E7D4D1FF792B00083C042 /* Foundation.framework */,
				359E7D4B1FF792AB0083C042 /* CoreGraphics.framework */,
				359E7D491FF792650083C042 /* iflyMSC.framework */,
			);
			name = Frameworks;
			path = AIDesign/Frameworks;
			sourceTree = "<group>";
		};
		35BB170920503F1F004C0873 /* Item2 */ = {
			isa = PBXGroup;
			children = (
				35BB170A20503F1F004C0873 /* Control */,
				35BB170B20503F20004C0873 /* Model */,
				35BB170C20503F20004C0873 /* View */,
			);
			path = Item2;
			sourceTree = "<group>";
		};
		35BB170A20503F1F004C0873 /* Control */ = {
			isa = PBXGroup;
			children = (
				35BB170D20503F93004C0873 /* ZXStockVC.h */,
				35BB170E20503F93004C0873 /* ZXStockVC.m */,
			);
			path = Control;
			sourceTree = "<group>";
		};
		35BB170B20503F20004C0873 /* Model */ = {
			isa = PBXGroup;
			children = (
			);
			path = Model;
			sourceTree = "<group>";
		};
		35BB170C20503F20004C0873 /* View */ = {
			isa = PBXGroup;
			children = (
			);
			path = View;
			sourceTree = "<group>";
		};
		35C04A5C1FF743BC00AB4510 = {
			isa = PBXGroup;
			children = (
				35250239201C504C004E898C /* BDSClientEASRResources */,
				35C04A671FF743BC00AB4510 /* AIDesign */,
				35C04A801FF743BC00AB4510 /* AIDesignTests */,
				35C04A8B1FF743BC00AB4510 /* AIDesignUITests */,
				35C04A661FF743BC00AB4510 /* Products */,
				359E7D481FF792650083C042 /* Frameworks */,
			);
			sourceTree = "<group>";
		};
		35C04A661FF743BC00AB4510 /* Products */ = {
			isa = PBXGroup;
			children = (
				35C04A651FF743BC00AB4510 /* AIDesign.app */,
				35C04A7D1FF743BC00AB4510 /* AIDesignTests.xctest */,
				35C04A881FF743BC00AB4510 /* AIDesignUITests.xctest */,
			);
			name = Products;
			sourceTree = "<group>";
		};
		35C04A671FF743BC00AB4510 /* AIDesign */ = {
			isa = PBXGroup;
			children = (
				35250214201B8745004E898C /* Common */,
				35BB170920503F1F004C0873 /* Item2 */,
				35CE7FCA200AEDDB00C13235 /* Item1 */,
				35C04A681FF743BC00AB4510 /* AppDelegate.h */,
				35C04A691FF743BC00AB4510 /* AppDelegate.m */,
				35C04A6B1FF743BC00AB4510 /* ViewController.h */,
				35C04A6C1FF743BC00AB4510 /* ViewController.m */,
				35C04A6E1FF743BC00AB4510 /* Main.storyboard */,
				35C04A711FF743BC00AB4510 /* Assets.xcassets */,
				35C04A731FF743BC00AB4510 /* LaunchScreen.storyboard */,
				35C04A761FF743BC00AB4510 /* Info.plist */,
				35C04A771FF743BC00AB4510 /* main.m */,
				35E2D9D520130C590028B504 /* Service.json */,
			);
			path = AIDesign;
			sourceTree = "<group>";
		};
		35C04A801FF743BC00AB4510 /* AIDesignTests */ = {
			isa = PBXGroup;
			children = (
				35C04A811FF743BC00AB4510 /* AIDesignTests.m */,
				35C04A831FF743BC00AB4510 /* Info.plist */,
			);
			path = AIDesignTests;
			sourceTree = "<group>";
		};
		35C04A8B1FF743BC00AB4510 /* AIDesignUITests */ = {
			isa = PBXGroup;
			children = (
				35C04A8C1FF743BC00AB4510 /* AIDesignUITests.m */,
				35C04A8E1FF743BC00AB4510 /* Info.plist */,
			);
			path = AIDesignUITests;
			sourceTree = "<group>";
		};
		35CE7FCA200AEDDB00C13235 /* Item1 */ = {
			isa = PBXGroup;
			children = (
				35CE7FCB200AEDDB00C13235 /* Control */,
				35CE7FCC200AEDDB00C13235 /* Model */,
				35CE7FCD200AEDDB00C13235 /* View */,
			);
			path = Item1;
			sourceTree = "<group>";
		};
		35CE7FCB200AEDDB00C13235 /* Control */ = {
			isa = PBXGroup;
			children = (
				35CE7FCE200AEDE600C13235 /* ZXOrderVC.h */,
				35CE7FCF200AEDE600C13235 /* ZXOrderVC.m */,
				351E37F1201625FA008D157C /* ZXResultTableVC.h */,
				351E37F2201625FA008D157C /* ZXResultTableVC.m */,
			);
			path = Control;
			sourceTree = "<group>";
		};
		35CE7FCC200AEDDB00C13235 /* Model */ = {
			isa = PBXGroup;
			children = (
				35250246201C5B34004E898C /* BDSClientEASRResources */,
				3525022F201C4D0E004E898C /* ASR */,
			);
			path = Model;
			sourceTree = "<group>";
		};
		35CE7FCD200AEDDB00C13235 /* View */ = {
			isa = PBXGroup;
			children = (
				35CE7FD2200AF7AF00C13235 /* Cell */,
			);
			path = View;
			sourceTree = "<group>";
		};
		35CE7FD2200AF7AF00C13235 /* Cell */ = {
			isa = PBXGroup;
			children = (
				35CE7FD6200B00B200C13235 /* ZXGoodsCell01.h */,
				35CE7FD7200B00B200C13235 /* ZXGoodsCell01.m */,
				35CE7FD8200B00B200C13235 /* ZXGoodsCell01.xib */,
				35E2D9D8201322590028B504 /* ZXMenuCell.h */,
				35E2D9D9201322590028B504 /* ZXMenuCell.m */,
				35E2D9DA201322590028B504 /* ZXMenuCell.xib */,
			);
			path = Cell;
			sourceTree = "<group>";
		};
/* End PBXGroup section */

/* Begin PBXNativeTarget section */
		35C04A641FF743BC00AB4510 /* AIDesign */ = {
			isa = PBXNativeTarget;
			buildConfigurationList = 35C04A911FF743BC00AB4510 /* Build configuration list for PBXNativeTarget "AIDesign" */;
			buildPhases = (
				35C04A611FF743BC00AB4510 /* Sources */,
				35C04A621FF743BC00AB4510 /* Frameworks */,
				35C04A631FF743BC00AB4510 /* Resources */,
			);
			buildRules = (
			);
			dependencies = (
			);
			name = AIDesign;
			productName = AIDesign;
			productReference = 35C04A651FF743BC00AB4510 /* AIDesign.app */;
			productType = "com.apple.product-type.application";
		};
		35C04A7C1FF743BC00AB4510 /* AIDesignTests */ = {
			isa = PBXNativeTarget;
			buildConfigurationList = 35C04A941FF743BC00AB4510 /* Build configuration list for PBXNativeTarget "AIDesignTests" */;
			buildPhases = (
				35C04A791FF743BC00AB4510 /* Sources */,
				35C04A7A1FF743BC00AB4510 /* Frameworks */,
				35C04A7B1FF743BC00AB4510 /* Resources */,
			);
			buildRules = (
			);
			dependencies = (
				35C04A7F1FF743BC00AB4510 /* PBXTargetDependency */,
			);
			name = AIDesignTests;
			productName = AIDesignTests;
			productReference = 35C04A7D1FF743BC00AB4510 /* AIDesignTests.xctest */;
			productType = "com.apple.product-type.bundle.unit-test";
		};
		35C04A871FF743BC00AB4510 /* AIDesignUITests */ = {
			isa = PBXNativeTarget;
			buildConfigurationList = 35C04A971FF743BC00AB4510 /* Build configuration list for PBXNativeTarget "AIDesignUITests" */;
			buildPhases = (
				35C04A841FF743BC00AB4510 /* Sources */,
				35C04A851FF743BC00AB4510 /* Frameworks */,
				35C04A861FF743BC00AB4510 /* Resources */,
			);
			buildRules = (
			);
			dependencies = (
				35C04A8A1FF743BC00AB4510 /* PBXTargetDependency */,
			);
			name = AIDesignUITests;
			productName = AIDesignUITests;
			productReference = 35C04A881FF743BC00AB4510 /* AIDesignUITests.xctest */;
			productType = "com.apple.product-type.bundle.ui-testing";
		};
/* End PBXNativeTarget section */

/* Begin PBXProject section */
		35C04A5D1FF743BC00AB4510 /* Project object */ = {
			isa = PBXProject;
			attributes = {
				CLASSPREFIX = ZX;
				LastUpgradeCheck = 0900;
				ORGANIZATIONNAME = habav;
				TargetAttributes = {
					35C04A641FF743BC00AB4510 = {
						CreatedOnToolsVersion = 9.0;
						ProvisioningStyle = Automatic;
					};
					35C04A7C1FF743BC00AB4510 = {
						CreatedOnToolsVersion = 9.0;
						ProvisioningStyle = Automatic;
						TestTargetID = 35C04A641FF743BC00AB4510;
					};
					35C04A871FF743BC00AB4510 = {
						CreatedOnToolsVersion = 9.0;
						ProvisioningStyle = Automatic;
						TestTargetID = 35C04A641FF743BC00AB4510;
					};
				};
			};
			buildConfigurationList = 35C04A601FF743BC00AB4510 /* Build configuration list for PBXProject "AIDesign" */;
			compatibilityVersion = "Xcode 8.0";
			developmentRegion = en;
			hasScannedForEncodings = 0;
			knownRegions = (
				en,
				Base,
			);
			mainGroup = 35C04A5C1FF743BC00AB4510;
			productRefGroup = 35C04A661FF743BC00AB4510 /* Products */;
			projectDirPath = "";
			projectRoot = "";
			targets = (
				35C04A641FF743BC00AB4510 /* AIDesign */,
				35C04A7C1FF743BC00AB4510 /* AIDesignTests */,
				35C04A871FF743BC00AB4510 /* AIDesignUITests */,
			);
		};
/* End PBXProject section */

/* Begin PBXResourcesBuildPhase section */
		35C04A631FF743BC00AB4510 /* Resources */ = {
			isa = PBXResourcesBuildPhase;
			buildActionMask = 2147483647;
			files = (
				35250251201C5B40004E898C /* bds_easr_basic_model.dat in Resources */,
				35250252201C5B40004E898C /* bds_easr_dnn_wakeup_model.dat in Resources */,
				35250253201C5B40004E898C /* bds_easr_gramm.dat in Resources */,
				35250254201C5B40004E898C /* bds_easr_input_model.dat in Resources */,
				35250255201C5B40004E898C /* bds_easr_mfe_cmvn.dat in Resources */,
				35250256201C5B40004E898C /* bds_easr_mfe_dnn.dat in Resources */,
				35250257201C5B40004E898C /* bds_easr_wakeup_words.dat in Resources */,
				35250258201C5B40004E898C /* bds_license.dat in Resources */,
				35250259201C5B40004E898C /* vad.dnn_o.dat in Resources */,
				3525025A201C5B40004E898C /* vad_dnn_online.dat in Resources */,
				35E2D9DC201322590028B504 /* ZXMenuCell.xib in Resources */,
				35C04A751FF743BC00AB4510 /* LaunchScreen.storyboard in Resources */,
				35CE7FDA200B00B200C13235 /* ZXGoodsCell01.xib in Resources */,
				35C04A721FF743BC00AB4510 /* Assets.xcassets in Resources */,
				35E2D9D620130F320028B504 /* Service.json in Resources */,
				35C04A701FF743BC00AB4510 /* Main.storyboard in Resources */,
			);
			runOnlyForDeploymentPostprocessing = 0;
		};
		35C04A7B1FF743BC00AB4510 /* Resources */ = {
			isa = PBXResourcesBuildPhase;
			buildActionMask = 2147483647;
			files = (
			);
			runOnlyForDeploymentPostprocessing = 0;
		};
		35C04A861FF743BC00AB4510 /* Resources */ = {
			isa = PBXResourcesBuildPhase;
			buildActionMask = 2147483647;
			files = (
			);
			runOnlyForDeploymentPostprocessing = 0;
		};
/* End PBXResourcesBuildPhase section */

/* Begin PBXSourcesBuildPhase section */
		35C04A611FF743BC00AB4510 /* Sources */ = {
			isa = PBXSourcesBuildPhase;
			buildActionMask = 2147483647;
			files = (
				35250245201C5872004E898C /* BDVRSettingsItem.m in Sources */,
				35250244201C586D004E898C /* BDVRSettings.m in Sources */,
				35CE7FD9200B00B200C13235 /* ZXGoodsCell01.m in Sources */,
				35C04A6D1FF743BC00AB4510 /* ViewController.m in Sources */,
				35E2D9DB201322590028B504 /* ZXMenuCell.m in Sources */,
				35BB170F20503F93004C0873 /* ZXStockVC.m in Sources */,
				35CE7FD0200AEDE600C13235 /* ZXOrderVC.m in Sources */,
				351E37F3201625FA008D157C /* ZXResultTableVC.m in Sources */,
				35C04A781FF743BC00AB4510 /* main.m in Sources */,
				35C04A6A1FF743BC00AB4510 /* AppDelegate.m in Sources */,
			);
			runOnlyForDeploymentPostprocessing = 0;
		};
		35C04A791FF743BC00AB4510 /* Sources */ = {
			isa = PBXSourcesBuildPhase;
			buildActionMask = 2147483647;
			files = (
				35C04A821FF743BC00AB4510 /* AIDesignTests.m in Sources */,
				35CE7FDB200B229100C13235 /* ZXOrderVC.m in Sources */,
			);
			runOnlyForDeploymentPostprocessing = 0;
		};
		35C04A841FF743BC00AB4510 /* Sources */ = {
			isa = PBXSourcesBuildPhase;
			buildActionMask = 2147483647;
			files = (
				35C04A8D1FF743BC00AB4510 /* AIDesignUITests.m in Sources */,
			);
			runOnlyForDeploymentPostprocessing = 0;
		};
/* End PBXSourcesBuildPhase section */

/* Begin PBXTargetDependency section */
		35C04A7F1FF743BC00AB4510 /* PBXTargetDependency */ = {
			isa = PBXTargetDependency;
			target = 35C04A641FF743BC00AB4510 /* AIDesign */;
			targetProxy = 35C04A7E1FF743BC00AB4510 /* PBXContainerItemProxy */;
		};
		35C04A8A1FF743BC00AB4510 /* PBXTargetDependency */ = {
			isa = PBXTargetDependency;
			target = 35C04A641FF743BC00AB4510 /* AIDesign */;
			targetProxy = 35C04A891FF743BC00AB4510 /* PBXContainerItemProxy */;
		};
/* End PBXTargetDependency section */

/* Begin PBXVariantGroup section */
		35C04A6E1FF743BC00AB4510 /* Main.storyboard */ = {
			isa = PBXVariantGroup;
			children = (
				35C04A6F1FF743BC00AB4510 /* Base */,
			);
			name = Main.storyboard;
			sourceTree = "<group>";
		};
		35C04A731FF743BC00AB4510 /* LaunchScreen.storyboard */ = {
			isa = PBXVariantGroup;
			children = (
				35C04A741FF743BC00AB4510 /* Base */,
			);
			name = LaunchScreen.storyboard;
			sourceTree = "<group>";
		};
/* End PBXVariantGroup section */

/* Begin XCBuildConfiguration section */
		35C04A8F1FF743BC00AB4510 /* Debug */ = {
			isa = XCBuildConfiguration;
			buildSettings = {
				ALWAYS_SEARCH_USER_PATHS = NO;
				CLANG_ANALYZER_NONNULL = YES;
				CLANG_ANALYZER_NUMBER_OBJECT_CONVERSION = YES_AGGRESSIVE;
				CLANG_CXX_LANGUAGE_STANDARD = "gnu++14";
				CLANG_CXX_LIBRARY = "libc++";
				CLANG_ENABLE_MODULES = YES;
				CLANG_ENABLE_OBJC_ARC = YES;
				CLANG_WARN_BLOCK_CAPTURE_AUTORELEASING = YES;
				CLANG_WARN_BOOL_CONVERSION = YES;
				CLANG_WARN_COMMA = YES;
				CLANG_WARN_CONSTANT_CONVERSION = YES;
				CLANG_WARN_DIRECT_OBJC_ISA_USAGE = YES_ERROR;
				CLANG_WARN_DOCUMENTATION_COMMENTS = YES;
				CLANG_WARN_EMPTY_BODY = YES;
				CLANG_WARN_ENUM_CONVERSION = YES;
				CLANG_WARN_INFINITE_RECURSION = YES;
				CLANG_WARN_INT_CONVERSION = YES;
				CLANG_WARN_NON_LITERAL_NULL_CONVERSION = YES;
				CLANG_WARN_OBJC_LITERAL_CONVERSION = YES;
				CLANG_WARN_OBJC_ROOT_CLASS = YES_ERROR;
				CLANG_WARN_RANGE_LOOP_ANALYSIS = YES;
				CLANG_WARN_STRICT_PROTOTYPES = YES;
				CLANG_WARN_SUSPICIOUS_MOVE = YES;
				CLANG_WARN_UNGUARDED_AVAILABILITY = YES_AGGRESSIVE;
				CLANG_WARN_UNREACHABLE_CODE = YES;
				CLANG_WARN__DUPLICATE_METHOD_MATCH = YES;
				CODE_SIGN_IDENTITY = "iPhone Developer";
				COPY_PHASE_STRIP = NO;
				DEBUG_INFORMATION_FORMAT = dwarf;
				ENABLE_STRICT_OBJC_MSGSEND = YES;
				ENABLE_TESTABILITY = YES;
				GCC_C_LANGUAGE_STANDARD = gnu11;
				GCC_DYNAMIC_NO_PIC = NO;
				GCC_NO_COMMON_BLOCKS = YES;
				GCC_OPTIMIZATION_LEVEL = 0;
				GCC_PREPROCESSOR_DEFINITIONS = (
					"DEBUG=1",
					"$(inherited)",
				);
				GCC_WARN_64_TO_32_BIT_CONVERSION = YES;
				GCC_WARN_ABOUT_RETURN_TYPE = YES_ERROR;
				GCC_WARN_UNDECLARED_SELECTOR = YES;
				GCC_WARN_UNINITIALIZED_AUTOS = YES_AGGRESSIVE;
				GCC_WARN_UNUSED_FUNCTION = YES;
				GCC_WARN_UNUSED_VARIABLE = YES;
				IPHONEOS_DEPLOYMENT_TARGET = 11.0;
				MTL_ENABLE_DEBUG_INFO = YES;
				ONLY_ACTIVE_ARCH = YES;
				SDKROOT = iphoneos;
			};
			name = Debug;
		};
		35C04A901FF743BC00AB4510 /* Release */ = {
			isa = XCBuildConfiguration;
			buildSettings = {
				ALWAYS_SEARCH_USER_PATHS = NO;
				CLANG_ANALYZER_NONNULL = YES;
				CLANG_ANALYZER_NUMBER_OBJECT_CONVERSION = YES_AGGRESSIVE;
				CLANG_CXX_LANGUAGE_STANDARD = "gnu++14";
				CLANG_CXX_LIBRARY = "libc++";
				CLANG_ENABLE_MODULES = YES;
				CLANG_ENABLE_OBJC_ARC = YES;
				CLANG_WARN_BLOCK_CAPTURE_AUTORELEASING = YES;
				CLANG_WARN_BOOL_CONVERSION = YES;
				CLANG_WARN_COMMA = YES;
				CLANG_WARN_CONSTANT_CONVERSION = YES;
				CLANG_WARN_DIRECT_OBJC_ISA_USAGE = YES_ERROR;
				CLANG_WARN_DOCUMENTATION_COMMENTS = YES;
				CLANG_WARN_EMPTY_BODY = YES;
				CLANG_WARN_ENUM_CONVERSION = YES;
				CLANG_WARN_INFINITE_RECURSION = YES;
				CLANG_WARN_INT_CONVERSION = YES;
				CLANG_WARN_NON_LITERAL_NULL_CONVERSION = YES;
				CLANG_WARN_OBJC_LITERAL_CONVERSION = YES;
				CLANG_WARN_OBJC_ROOT_CLASS = YES_ERROR;
				CLANG_WARN_RANGE_LOOP_ANALYSIS = YES;
				CLANG_WARN_STRICT_PROTOTYPES = YES;
				CLANG_WARN_SUSPICIOUS_MOVE = YES;
				CLANG_WARN_UNGUARDED_AVAILABILITY = YES_AGGRESSIVE;
				CLANG_WARN_UNREACHABLE_CODE = YES;
				CLANG_WARN__DUPLICATE_METHOD_MATCH = YES;
				CODE_SIGN_IDENTITY = "iPhone Developer";
				COPY_PHASE_STRIP = NO;
				DEBUG_INFORMATION_FORMAT = "dwarf-with-dsym";
				ENABLE_NS_ASSERTIONS = NO;
				ENABLE_STRICT_OBJC_MSGSEND = YES;
				GCC_C_LANGUAGE_STANDARD = gnu11;
				GCC_NO_COMMON_BLOCKS = YES;
				GCC_WARN_64_TO_32_BIT_CONVERSION = YES;
				GCC_WARN_ABOUT_RETURN_TYPE = YES_ERROR;
				GCC_WARN_UNDECLARED_SELECTOR = YES;
				GCC_WARN_UNINITIALIZED_AUTOS = YES_AGGRESSIVE;
				GCC_WARN_UNUSED_FUNCTION = YES;
				GCC_WARN_UNUSED_VARIABLE = YES;
				IPHONEOS_DEPLOYMENT_TARGET = 11.0;
				MTL_ENABLE_DEBUG_INFO = NO;
				SDKROOT = iphoneos;
				VALIDATE_PRODUCT = YES;
			};
			name = Release;
		};
		35C04A921FF743BC00AB4510 /* Debug */ = {
			isa = XCBuildConfiguration;
			buildSettings = {
				ASSETCATALOG_COMPILER_APPICON_NAME = AppIcon;
				CODE_SIGN_STYLE = Automatic;
				DEVELOPMENT_TEAM = 2K8YQD53SK;
				ENABLE_BITCODE = NO;
				FRAMEWORK_SEARCH_PATHS = (
					"$(PROJECT_DIR)/AIDesign/Frameworks",
					"$(inherited)",
				);
				INFOPLIST_FILE = AIDesign/Info.plist;
				IPHONEOS_DEPLOYMENT_TARGET = 11.0;
				LD_RUNPATH_SEARCH_PATHS = "$(inherited) @executable_path/Frameworks";
				LIBRARY_SEARCH_PATHS = (
					"$(inherited)",
					"$(PROJECT_DIR)/AIDesign/Frameworks/BDSClientLib",
				);
				PRODUCT_BUNDLE_IDENTIFIER = com.habav.AIDesign;
				PRODUCT_NAME = "$(TARGET_NAME)";
				TARGETED_DEVICE_FAMILY = "1,2";
			};
			name = Debug;
		};
		35C04A931FF743BC00AB4510 /* Release */ = {
			isa = XCBuildConfiguration;
			buildSettings = {
				ASSETCATALOG_COMPILER_APPICON_NAME = AppIcon;
				CODE_SIGN_STYLE = Automatic;
				DEVELOPMENT_TEAM = 2K8YQD53SK;
				ENABLE_BITCODE = NO;
				FRAMEWORK_SEARCH_PATHS = (
					"$(PROJECT_DIR)/AIDesign/Frameworks",
					"$(inherited)",
				);
				INFOPLIST_FILE = AIDesign/Info.plist;
				IPHONEOS_DEPLOYMENT_TARGET = 11.0;
				LD_RUNPATH_SEARCH_PATHS = "$(inherited) @executable_path/Frameworks";
				LIBRARY_SEARCH_PATHS = (
					"$(inherited)",
					"$(PROJECT_DIR)/AIDesign/Frameworks/BDSClientLib",
				);
				PRODUCT_BUNDLE_IDENTIFIER = com.habav.AIDesign;
				PRODUCT_NAME = "$(TARGET_NAME)";
				TARGETED_DEVICE_FAMILY = "1,2";
			};
			name = Release;
		};
		35C04A951FF743BC00AB4510 /* Debug */ = {
			isa = XCBuildConfiguration;
			buildSettings = {
				BUNDLE_LOADER = "$(TEST_HOST)";
				CODE_SIGN_STYLE = Automatic;
				DEVELOPMENT_TEAM = 2K8YQD53SK;
				INFOPLIST_FILE = AIDesignTests/Info.plist;
				LD_RUNPATH_SEARCH_PATHS = "$(inherited) @executable_path/Frameworks @loader_path/Frameworks";
				PRODUCT_BUNDLE_IDENTIFIER = com.habav.AIDesignTests;
				PRODUCT_NAME = "$(TARGET_NAME)";
				TARGETED_DEVICE_FAMILY = "1,2";
				TEST_HOST = "$(BUILT_PRODUCTS_DIR)/AIDesign.app/AIDesign";
			};
			name = Debug;
		};
		35C04A961FF743BC00AB4510 /* Release */ = {
			isa = XCBuildConfiguration;
			buildSettings = {
				BUNDLE_LOADER = "$(TEST_HOST)";
				CODE_SIGN_STYLE = Automatic;
				DEVELOPMENT_TEAM = 2K8YQD53SK;
				INFOPLIST_FILE = AIDesignTests/Info.plist;
				LD_RUNPATH_SEARCH_PATHS = "$(inherited) @executable_path/Frameworks @loader_path/Frameworks";
				PRODUCT_BUNDLE_IDENTIFIER = com.habav.AIDesignTests;
				PRODUCT_NAME = "$(TARGET_NAME)";
				TARGETED_DEVICE_FAMILY = "1,2";
				TEST_HOST = "$(BUILT_PRODUCTS_DIR)/AIDesign.app/AIDesign";
			};
			name = Release;
		};
		35C04A981FF743BC00AB4510 /* Debug */ = {
			isa = XCBuildConfiguration;
			buildSettings = {
				CODE_SIGN_STYLE = Automatic;
				DEVELOPMENT_TEAM = 2K8YQD53SK;
				INFOPLIST_FILE = AIDesignUITests/Info.plist;
				LD_RUNPATH_SEARCH_PATHS = "$(inherited) @executable_path/Frameworks @loader_path/Frameworks";
				PRODUCT_BUNDLE_IDENTIFIER = com.habav.AIDesignUITests;
				PRODUCT_NAME = "$(TARGET_NAME)";
				TARGETED_DEVICE_FAMILY = "1,2";
				TEST_TARGET_NAME = AIDesign;
			};
			name = Debug;
		};
		35C04A991FF743BC00AB4510 /* Release */ = {
			isa = XCBuildConfiguration;
			buildSettings = {
				CODE_SIGN_STYLE = Automatic;
				DEVELOPMENT_TEAM = 2K8YQD53SK;
				INFOPLIST_FILE = AIDesignUITests/Info.plist;
				LD_RUNPATH_SEARCH_PATHS = "$(inherited) @executable_path/Frameworks @loader_path/Frameworks";
				PRODUCT_BUNDLE_IDENTIFIER = com.habav.AIDesignUITests;
				PRODUCT_NAME = "$(TARGET_NAME)";
				TARGETED_DEVICE_FAMILY = "1,2";
				TEST_TARGET_NAME = AIDesign;
			};
			name = Release;
		};
/* End XCBuildConfiguration section */

/* Begin XCConfigurationList section */
		35C04A601FF743BC00AB4510 /* Build configuration list for PBXProject "AIDesign" */ = {
			isa = XCConfigurationList;
			buildConfigurations = (
				35C04A8F1FF743BC00AB4510 /* Debug */,
				35C04A901FF743BC00AB4510 /* Release */,
			);
			defaultConfigurationIsVisible = 0;
			defaultConfigurationName = Release;
		};
		35C04A911FF743BC00AB4510 /* Build configuration list for PBXNativeTarget "AIDesign" */ = {
			isa = XCConfigurationList;
			buildConfigurations = (
				35C04A921FF743BC00AB4510 /* Debug */,
				35C04A931FF743BC00AB4510 /* Release */,
			);
			defaultConfigurationIsVisible = 0;
			defaultConfigurationName = Release;
		};
		35C04A941FF743BC00AB4510 /* Build configuration list for PBXNativeTarget "AIDesignTests" */ = {
			isa = XCConfigurationList;
			buildConfigurations = (
				35C04A951FF743BC00AB4510 /* Debug */,
				35C04A961FF743BC00AB4510 /* Release */,
			);
			defaultConfigurationIsVisible = 0;
			defaultConfigurationName = Release;
		};
		35C04A971FF743BC00AB4510 /* Build configuration list for PBXNativeTarget "AIDesignUITests" */ = {
			isa = XCConfigurationList;
			buildConfigurations = (
				35C04A981FF743BC00AB4510 /* Debug */,
				35C04A991FF743BC00AB4510 /* Release */,
			);
			defaultConfigurationIsVisible = 0;
			defaultConfigurationName = Release;
		};
/* End XCConfigurationList section */
	};
	rootObject = 35C04A5D1FF743BC00AB4510 /* Project object */;
}
